
Microsoft Visual Studio Solution File, Format Version 12.00
# Visual Studio Version 16
VisualStudioVersion = 16.0.32413.511
MinimumVisualStudioVersion = 10.0.40219.1
Project("{D2ABAB84-BF74-430A-B69E-9DC6D40DDA17}") = "DWBI Assignment 02", "DWBI Assignment 02\DWBI Assignment 02.dwproj", "{68E1DAAD-CD36-491A-BBB6-1A9B58A1F49C}"
EndProject
Global
	GlobalSection(SolutionConfigurationPlatforms) = preSolution
		Development|Default = Development|Default
	EndGlobalSection
	GlobalSection(ProjectConfigurationPlatforms) = postSolution
		{68E1DAAD-CD36-491A-BBB6-1A9B58A1F49C}.Development|Default.ActiveCfg = Development
		{68E1DAAD-CD36-491A-BBB6-1A9B58A1F49C}.Development|Default.Build.0 = Development
		{68E1DAAD-CD36-491A-BBB6-1A9B58A1F49C}.Development|Default.Deploy.0 = Development
	EndGlobalSection
	GlobalSection(SolutionProperties) = preSolution
		HideSolutionNode = FALSE
	EndGlobalSection
	GlobalSection(ExtensibilityGlobals) = postSolution
		SolutionGuid = {41F4F368-8BC8-4730-A457-1BD1B6907F5B}
	EndGlobalSection
EndGlobal
